
Microsoft Visual Studio Solution File, Format Version 12.00
# Visual Studio Version 17
VisualStudioVersion = 17.1.31911.260
MinimumVisualStudioVersion = 10.0.40219.1
Project("{FAE04EC0-301F-11D3-BF4B-00C04F79EFBC}") = "ADO.NET Individual", "ADO.NET Individual\ADO.NET Individual.csproj", "{05307DFB-A742-4B03-A048-DB3A0D25DDE8}"
EndProject
Global
	GlobalSection(SolutionConfigurationPlatforms) = preSolution
		Debug|Any CPU = Debug|Any CPU
		Release|Any CPU = Release|Any CPU
	EndGlobalSection
	GlobalSection(ProjectConfigurationPlatforms) = postSolution
		{05307DFB-A742-4B03-A048-DB3A0D25DDE8}.Debug|Any CPU.ActiveCfg = Debug|Any CPU
		{05307DFB-A742-4B03-A048-DB3A0D25DDE8}.Debug|Any CPU.Build.0 = Debug|Any CPU
		{05307DFB-A742-4B03-A048-DB3A0D25DDE8}.Release|Any CPU.ActiveCfg = Release|Any CPU
		{05307DFB-A742-4B03-A048-DB3A0D25DDE8}.Release|Any CPU.Build.0 = Release|Any CPU
	EndGlobalSection
	GlobalSection(SolutionProperties) = preSolution
		HideSolutionNode = FALSE
	EndGlobalSection
	GlobalSection(ExtensibilityGlobals) = postSolution
		SolutionGuid = {AFFCB575-5038-4050-9A67-D1BAAB7B92BB}
	EndGlobalSection
EndGlobal
